
Microsoft Visual Studio Solution File, Format Version 12.00
# Visual Studio Version 17
VisualStudioVersion = 17.0.31903.59
MinimumVisualStudioVersion = 10.0.40219.1
Project("{9A19103F-16F7-4668-BE54-9A1E7A4F7556}") = "CjmFastEnumConversion", "CjmFastEnumConversion\CjmFastEnumConversion.csproj", "{02076210-F51C-4CC9-A7DF-DAE3132306D8}"
EndProject
Project("{FAE04EC0-301F-11D3-BF4B-00C04F79EFBC}") = "FastEnumUnitTests", "FastEnumUnitTests\FastEnumUnitTests.csproj", "{7A94C77F-124C-4E30-A9EC-377CB43764CA}"
EndProject
Project("{2150E333-8FDC-42A3-9474-1A3956D46DE8}") = "Solution Items", "Solution Items", "{8F67D7ED-1FA3-4472-80E7-216755FE088D}"
	ProjectSection(SolutionItems) = preProject
		CjmFastEnumConversion.sln.DotSettings = CjmFastEnumConversion.sln.DotSettings
		README_EnumConvert.md = README_EnumConvert.md
	EndProjectSection
EndProject
Global
	GlobalSection(SolutionConfigurationPlatforms) = preSolution
		Debug|Any CPU = Debug|Any CPU
		Release|Any CPU = Release|Any CPU
	EndGlobalSection
	GlobalSection(ProjectConfigurationPlatforms) = postSolution
		{02076210-F51C-4CC9-A7DF-DAE3132306D8}.Debug|Any CPU.ActiveCfg = Debug|Any CPU
		{02076210-F51C-4CC9-A7DF-DAE3132306D8}.Debug|Any CPU.Build.0 = Debug|Any CPU
		{02076210-F51C-4CC9-A7DF-DAE3132306D8}.Release|Any CPU.ActiveCfg = Release|Any CPU
		{02076210-F51C-4CC9-A7DF-DAE3132306D8}.Release|Any CPU.Build.0 = Release|Any CPU
		{7A94C77F-124C-4E30-A9EC-377CB43764CA}.Debug|Any CPU.ActiveCfg = Debug|Any CPU
		{7A94C77F-124C-4E30-A9EC-377CB43764CA}.Debug|Any CPU.Build.0 = Debug|Any CPU
		{7A94C77F-124C-4E30-A9EC-377CB43764CA}.Release|Any CPU.ActiveCfg = Release|Any CPU
		{7A94C77F-124C-4E30-A9EC-377CB43764CA}.Release|Any CPU.Build.0 = Release|Any CPU
	EndGlobalSection
	GlobalSection(SolutionProperties) = preSolution
		HideSolutionNode = FALSE
	EndGlobalSection
	GlobalSection(ExtensibilityGlobals) = postSolution
		SolutionGuid = {3429A517-65E3-4C7F-A4B0-88D54277A118}
	EndGlobalSection
EndGlobal
